
Microsoft Visual Studio Solution File, Format Version 12.00
# Visual Studio Version 16
VisualStudioVersion = 16.0.29230.47
MinimumVisualStudioVersion = 10.0.40219.1
Project("{9A19103F-16F7-4668-BE54-9A1E7A4F7556}") = "Chakra.Core", "Chakra.Core\Chakra.Core.csproj", "{D563816E-D9D8-485E-B8B2-400657109680}"
EndProject
Project("{FAE04EC0-301F-11D3-BF4B-00C04F79EFBC}") = "Chakra", "Chakra\Chakra.csproj", "{6E7AC185-D29D-4161-BEA2-825942921D9E}"
EndProject
Project("{9A19103F-16F7-4668-BE54-9A1E7A4F7556}") = "Chakra.Core.EntityFramework", "Chakra.Core.EntityFramework\Chakra.Core.EntityFramework.csproj", "{0A2D2082-0685-400D-866E-0270C0DA3FF9}"
EndProject
Project("{9A19103F-16F7-4668-BE54-9A1E7A4F7556}") = "Chakra.OAuth", "Chakra.OAuth\Chakra.OAuth.csproj", "{CD8F1B41-1E9D-4E26-919E-6F932EEAD2E0}"
EndProject
Project("{9A19103F-16F7-4668-BE54-9A1E7A4F7556}") = "Chakra.Maintenance", "Chakra.Maintenance\Chakra.Maintenance.csproj", "{A8A9D68E-9BD8-44C7-8C54-9406EC64799C}"
EndProject
Project("{2150E333-8FDC-42A3-9474-1A3956D46DE8}") = "NetCore", "NetCore", "{FCE52FD2-C794-4480-8ADE-EAA13FFEFDAC}"
EndProject
Project("{2150E333-8FDC-42A3-9474-1A3956D46DE8}") = "NetFull", "NetFull", "{F4BDE198-0950-4ECE-8DF2-A18FF2CBF8A5}"
EndProject
Project("{9A19103F-16F7-4668-BE54-9A1E7A4F7556}") = "Chakra.Core.MongoDb", "Chakra.Core.MongoDb\Chakra.Core.MongoDb.csproj", "{62930DBF-23E7-40FC-A554-40D158960DD0}"
EndProject
Project("{9A19103F-16F7-4668-BE54-9A1E7A4F7556}") = "Chakra.Core.Configurations", "Chakra.Core.Configurations\Chakra.Core.Configurations.csproj", "{FE52BE22-AC90-4022-907C-BA05F6183710}"
EndProject
Project("{9A19103F-16F7-4668-BE54-9A1E7A4F7556}") = "Chakra.Core.WebApi", "Chakra.Core.WebApi\Chakra.Core.WebApi.csproj", "{DFEEC9B2-ED9F-49B2-BAB8-97A592ADA800}"
EndProject
Project("{9A19103F-16F7-4668-BE54-9A1E7A4F7556}") = "Chakra.Core.Windows", "Chakra.Core.Windows\Chakra.Core.Windows.csproj", "{B007310D-3422-4982-80BB-311F7C65EE08}"
EndProject
Project("{9A19103F-16F7-4668-BE54-9A1E7A4F7556}") = "Chakra.Core.AspnetCore", "Chakra.Core.AspnetCore\Chakra.Core.AspnetCore.csproj", "{11F9E79F-5B39-4E53-85CC-6A0B4895A82C}"
EndProject
Project("{FAE04EC0-301F-11D3-BF4B-00C04F79EFBC}") = "Chakra.Core.Tests", "Chakra.Core.Tests\Chakra.Core.Tests.csproj", "{AD6760C7-0088-49DC-BA04-7DD192C87AD4}"
EndProject
Project("{FAE04EC0-301F-11D3-BF4B-00C04F79EFBC}") = "Chakra.Core.Mocks", "Chakra.Core.Mocks\Chakra.Core.Mocks.csproj", "{5268F3BC-2A98-49E6-9F3C-C16F6EE27322}"
EndProject
Project("{FAE04EC0-301F-11D3-BF4B-00C04F79EFBC}") = "Chakra.Core.Mocks.Tests", "Chakra.Core.Mocks.Tests\Chakra.Core.Mocks.Tests.csproj", "{9418C076-3A88-4BDD-9526-0A82C7707BB6}"
EndProject
Project("{FAE04EC0-301F-11D3-BF4B-00C04F79EFBC}") = "Chakra.Core.EntityFramework.Tests", "Chakra.Core.EntityFramework.Tests\Chakra.Core.EntityFramework.Tests.csproj", "{E7F14FD8-E11B-4042-8093-93CB2B849D88}"
EndProject
Global
	GlobalSection(SolutionConfigurationPlatforms) = preSolution
		Debug|Any CPU = Debug|Any CPU
		Release|Any CPU = Release|Any CPU
	EndGlobalSection
	GlobalSection(ProjectConfigurationPlatforms) = postSolution
		{D563816E-D9D8-485E-B8B2-400657109680}.Debug|Any CPU.ActiveCfg = Debug|Any CPU
		{D563816E-D9D8-485E-B8B2-400657109680}.Debug|Any CPU.Build.0 = Debug|Any CPU
		{D563816E-D9D8-485E-B8B2-400657109680}.Release|Any CPU.ActiveCfg = Release|Any CPU
		{D563816E-D9D8-485E-B8B2-400657109680}.Release|Any CPU.Build.0 = Release|Any CPU
		{6E7AC185-D29D-4161-BEA2-825942921D9E}.Debug|Any CPU.ActiveCfg = Debug|Any CPU
		{6E7AC185-D29D-4161-BEA2-825942921D9E}.Debug|Any CPU.Build.0 = Debug|Any CPU
		{6E7AC185-D29D-4161-BEA2-825942921D9E}.Release|Any CPU.ActiveCfg = Release|Any CPU
		{6E7AC185-D29D-4161-BEA2-825942921D9E}.Release|Any CPU.Build.0 = Release|Any CPU
		{0A2D2082-0685-400D-866E-0270C0DA3FF9}.Debug|Any CPU.ActiveCfg = Debug|Any CPU
		{0A2D2082-0685-400D-866E-0270C0DA3FF9}.Debug|Any CPU.Build.0 = Debug|Any CPU
		{0A2D2082-0685-400D-866E-0270C0DA3FF9}.Release|Any CPU.ActiveCfg = Release|Any CPU
		{0A2D2082-0685-400D-866E-0270C0DA3FF9}.Release|Any CPU.Build.0 = Release|Any CPU
		{CD8F1B41-1E9D-4E26-919E-6F932EEAD2E0}.Debug|Any CPU.ActiveCfg = Debug|Any CPU
		{CD8F1B41-1E9D-4E26-919E-6F932EEAD2E0}.Debug|Any CPU.Build.0 = Debug|Any CPU
		{CD8F1B41-1E9D-4E26-919E-6F932EEAD2E0}.Release|Any CPU.ActiveCfg = Release|Any CPU
		{CD8F1B41-1E9D-4E26-919E-6F932EEAD2E0}.Release|Any CPU.Build.0 = Release|Any CPU
		{A8A9D68E-9BD8-44C7-8C54-9406EC64799C}.Debug|Any CPU.ActiveCfg = Debug|Any CPU
		{A8A9D68E-9BD8-44C7-8C54-9406EC64799C}.Debug|Any CPU.Build.0 = Debug|Any CPU
		{A8A9D68E-9BD8-44C7-8C54-9406EC64799C}.Release|Any CPU.ActiveCfg = Release|Any CPU
		{A8A9D68E-9BD8-44C7-8C54-9406EC64799C}.Release|Any CPU.Build.0 = Release|Any CPU
		{62930DBF-23E7-40FC-A554-40D158960DD0}.Debug|Any CPU.ActiveCfg = Debug|Any CPU
		{62930DBF-23E7-40FC-A554-40D158960DD0}.Debug|Any CPU.Build.0 = Debug|Any CPU
		{62930DBF-23E7-40FC-A554-40D158960DD0}.Release|Any CPU.ActiveCfg = Release|Any CPU
		{62930DBF-23E7-40FC-A554-40D158960DD0}.Release|Any CPU.Build.0 = Release|Any CPU
		{FE52BE22-AC90-4022-907C-BA05F6183710}.Debug|Any CPU.ActiveCfg = Debug|Any CPU
		{FE52BE22-AC90-4022-907C-BA05F6183710}.Debug|Any CPU.Build.0 = Debug|Any CPU
		{FE52BE22-AC90-4022-907C-BA05F6183710}.Release|Any CPU.ActiveCfg = Release|Any CPU
		{FE52BE22-AC90-4022-907C-BA05F6183710}.Release|Any CPU.Build.0 = Release|Any CPU
		{DFEEC9B2-ED9F-49B2-BAB8-97A592ADA800}.Debug|Any CPU.ActiveCfg = Debug|Any CPU
		{DFEEC9B2-ED9F-49B2-BAB8-97A592ADA800}.Debug|Any CPU.Build.0 = Debug|Any CPU
		{DFEEC9B2-ED9F-49B2-BAB8-97A592ADA800}.Release|Any CPU.ActiveCfg = Release|Any CPU
		{DFEEC9B2-ED9F-49B2-BAB8-97A592ADA800}.Release|Any CPU.Build.0 = Release|Any CPU
		{B007310D-3422-4982-80BB-311F7C65EE08}.Debug|Any CPU.ActiveCfg = Debug|Any CPU
		{B007310D-3422-4982-80BB-311F7C65EE08}.Debug|Any CPU.Build.0 = Debug|Any CPU
		{B007310D-3422-4982-80BB-311F7C65EE08}.Release|Any CPU.ActiveCfg = Release|Any CPU
		{B007310D-3422-4982-80BB-311F7C65EE08}.Release|Any CPU.Build.0 = Release|Any CPU
		{11F9E79F-5B39-4E53-85CC-6A0B4895A82C}.Debug|Any CPU.ActiveCfg = Debug|Any CPU
		{11F9E79F-5B39-4E53-85CC-6A0B4895A82C}.Debug|Any CPU.Build.0 = Debug|Any CPU
		{11F9E79F-5B39-4E53-85CC-6A0B4895A82C}.Release|Any CPU.ActiveCfg = Release|Any CPU
		{11F9E79F-5B39-4E53-85CC-6A0B4895A82C}.Release|Any CPU.Build.0 = Release|Any CPU
		{AD6760C7-0088-49DC-BA04-7DD192C87AD4}.Debug|Any CPU.ActiveCfg = Debug|Any CPU
		{AD6760C7-0088-49DC-BA04-7DD192C87AD4}.Debug|Any CPU.Build.0 = Debug|Any CPU
		{AD6760C7-0088-49DC-BA04-7DD192C87AD4}.Release|Any CPU.ActiveCfg = Release|Any CPU
		{AD6760C7-0088-49DC-BA04-7DD192C87AD4}.Release|Any CPU.Build.0 = Release|Any CPU
		{5268F3BC-2A98-49E6-9F3C-C16F6EE27322}.Debug|Any CPU.ActiveCfg = Debug|Any CPU
		{5268F3BC-2A98-49E6-9F3C-C16F6EE27322}.Debug|Any CPU.Build.0 = Debug|Any CPU
		{5268F3BC-2A98-49E6-9F3C-C16F6EE27322}.Release|Any CPU.ActiveCfg = Release|Any CPU
		{5268F3BC-2A98-49E6-9F3C-C16F6EE27322}.Release|Any CPU.Build.0 = Release|Any CPU
		{9418C076-3A88-4BDD-9526-0A82C7707BB6}.Debug|Any CPU.ActiveCfg = Debug|Any CPU
		{9418C076-3A88-4BDD-9526-0A82C7707BB6}.Debug|Any CPU.Build.0 = Debug|Any CPU
		{9418C076-3A88-4BDD-9526-0A82C7707BB6}.Release|Any CPU.ActiveCfg = Release|Any CPU
		{9418C076-3A88-4BDD-9526-0A82C7707BB6}.Release|Any CPU.Build.0 = Release|Any CPU
		{E7F14FD8-E11B-4042-8093-93CB2B849D88}.Debug|Any CPU.ActiveCfg = Debug|Any CPU
		{E7F14FD8-E11B-4042-8093-93CB2B849D88}.Debug|Any CPU.Build.0 = Debug|Any CPU
		{E7F14FD8-E11B-4042-8093-93CB2B849D88}.Release|Any CPU.ActiveCfg = Release|Any CPU
		{E7F14FD8-E11B-4042-8093-93CB2B849D88}.Release|Any CPU.Build.0 = Release|Any CPU
	EndGlobalSection
	GlobalSection(SolutionProperties) = preSolution
		HideSolutionNode = FALSE
	EndGlobalSection
	GlobalSection(NestedProjects) = preSolution
		{D563816E-D9D8-485E-B8B2-400657109680} = {FCE52FD2-C794-4480-8ADE-EAA13FFEFDAC}
		{6E7AC185-D29D-4161-BEA2-825942921D9E} = {F4BDE198-0950-4ECE-8DF2-A18FF2CBF8A5}
		{0A2D2082-0685-400D-866E-0270C0DA3FF9} = {FCE52FD2-C794-4480-8ADE-EAA13FFEFDAC}
		{CD8F1B41-1E9D-4E26-919E-6F932EEAD2E0} = {FCE52FD2-C794-4480-8ADE-EAA13FFEFDAC}
		{A8A9D68E-9BD8-44C7-8C54-9406EC64799C} = {FCE52FD2-C794-4480-8ADE-EAA13FFEFDAC}
		{62930DBF-23E7-40FC-A554-40D158960DD0} = {FCE52FD2-C794-4480-8ADE-EAA13FFEFDAC}
		{FE52BE22-AC90-4022-907C-BA05F6183710} = {FCE52FD2-C794-4480-8ADE-EAA13FFEFDAC}
		{DFEEC9B2-ED9F-49B2-BAB8-97A592ADA800} = {FCE52FD2-C794-4480-8ADE-EAA13FFEFDAC}
		{B007310D-3422-4982-80BB-311F7C65EE08} = {FCE52FD2-C794-4480-8ADE-EAA13FFEFDAC}
		{11F9E79F-5B39-4E53-85CC-6A0B4895A82C} = {FCE52FD2-C794-4480-8ADE-EAA13FFEFDAC}
		{AD6760C7-0088-49DC-BA04-7DD192C87AD4} = {FCE52FD2-C794-4480-8ADE-EAA13FFEFDAC}
		{5268F3BC-2A98-49E6-9F3C-C16F6EE27322} = {FCE52FD2-C794-4480-8ADE-EAA13FFEFDAC}
		{9418C076-3A88-4BDD-9526-0A82C7707BB6} = {FCE52FD2-C794-4480-8ADE-EAA13FFEFDAC}
		{E7F14FD8-E11B-4042-8093-93CB2B849D88} = {FCE52FD2-C794-4480-8ADE-EAA13FFEFDAC}
	EndGlobalSection
	GlobalSection(ExtensibilityGlobals) = postSolution
		SolutionGuid = {A54C3E0E-2F55-4712-B617-01BCFB78E2C9}
	EndGlobalSection
EndGlobal
