
Microsoft Visual Studio Solution File, Format Version 12.00
# Visual Studio Version 16
VisualStudioVersion = 16.0.29230.47
MinimumVisualStudioVersion = 10.0.40219.1
Project("{9A19103F-16F7-4668-BE54-9A1E7A4F7556}") = "Chakra.Core", "Chakra.Core\Chakra.Core.csproj", "{D563816E-D9D8-485E-B8B2-400657109680}"
EndProject
Project("{FAE04EC0-301F-11D3-BF4B-00C04F79EFBC}") = "Chakra", "Chakra\Chakra.csproj", "{6E7AC185-D29D-4161-BEA2-825942921D9E}"
EndProject
Project("{9A19103F-16F7-4668-BE54-9A1E7A4F7556}") = "Chakra.Core.EntityFramework", "Chakra.Core.EntityFramework\Chakra.Core.EntityFramework.csproj", "{0A2D2082-0685-400D-866E-0270C0DA3FF9}"
EndProject
Project("{9A19103F-16F7-4668-BE54-9A1E7A4F7556}") = "Chakra.OAuth", "Chakra.OAuth\Chakra.OAuth.csproj", "{CD8F1B41-1E9D-4E26-919E-6F932EEAD2E0}"
EndProject
Project("{2150E333-8FDC-42A3-9474-1A3956D46DE8}") = "dotnet-core", "dotnet-core", "{FCE52FD2-C794-4480-8ADE-EAA13FFEFDAC}"
EndProject
Project("{2150E333-8FDC-42A3-9474-1A3956D46DE8}") = "dotnet-full", "dotnet-full", "{F4BDE198-0950-4ECE-8DF2-A18FF2CBF8A5}"
EndProject
Project("{9A19103F-16F7-4668-BE54-9A1E7A4F7556}") = "Chakra.Core.MongoDb", "Chakra.Core.MongoDb\Chakra.Core.MongoDb.csproj", "{62930DBF-23E7-40FC-A554-40D158960DD0}"
EndProject
Project("{9A19103F-16F7-4668-BE54-9A1E7A4F7556}") = "Chakra.Core.Configurations", "Chakra.Core.Configurations\Chakra.Core.Configurations.csproj", "{FE52BE22-AC90-4022-907C-BA05F6183710}"
EndProject
Project("{9A19103F-16F7-4668-BE54-9A1E7A4F7556}") = "Chakra.Core.Windows", "Chakra.Core.Windows\Chakra.Core.Windows.csproj", "{B007310D-3422-4982-80BB-311F7C65EE08}"
EndProject
Project("{9A19103F-16F7-4668-BE54-9A1E7A4F7556}") = "Chakra.Core.AspnetCore", "Chakra.Core.AspnetCore\Chakra.Core.AspnetCore.csproj", "{11F9E79F-5B39-4E53-85CC-6A0B4895A82C}"
EndProject
Project("{9A19103F-16F7-4668-BE54-9A1E7A4F7556}") = "Chakra.Core.Tests", "Chakra.Core.Tests\Chakra.Core.Tests.csproj", "{AD6760C7-0088-49DC-BA04-7DD192C87AD4}"
EndProject
Project("{9A19103F-16F7-4668-BE54-9A1E7A4F7556}") = "Chakra.Core.Mocks", "Chakra.Core.Mocks\Chakra.Core.Mocks.csproj", "{5268F3BC-2A98-49E6-9F3C-C16F6EE27322}"
EndProject
Project("{9A19103F-16F7-4668-BE54-9A1E7A4F7556}") = "Chakra.Core.Mocks.Tests", "Chakra.Core.Mocks.Tests\Chakra.Core.Mocks.Tests.csproj", "{9418C076-3A88-4BDD-9526-0A82C7707BB6}"
EndProject
Project("{9A19103F-16F7-4668-BE54-9A1E7A4F7556}") = "Chakra.Core.EntityFramework.Tests", "Chakra.Core.EntityFramework.Tests\Chakra.Core.EntityFramework.Tests.csproj", "{E7F14FD8-E11B-4042-8093-93CB2B849D88}"
EndProject
Project("{2150E333-8FDC-42A3-9474-1A3956D46DE8}") = ".github", ".github", "{0DF4848D-C5B7-45BA-BDD1-15DE5DA5AB8A}"
EndProject
Project("{2150E333-8FDC-42A3-9474-1A3956D46DE8}") = "workflows", "workflows", "{07C8F1F4-C3C6-4FE7-96D2-55B36178ABCE}"
	ProjectSection(SolutionItems) = preProject
		.github\workflows\chakra.core-build.yml = .github\workflows\chakra.core-build.yml
		.github\workflows\chakra.core-nuget.yml = .github\workflows\chakra.core-nuget.yml
		.github\workflows\chakra.core-test.yml = .github\workflows\chakra.core-test.yml
		.github\workflows\chakra.core.aspnetcore-build.yml = .github\workflows\chakra.core.aspnetcore-build.yml
		.github\workflows\chakra.core.configurations-build.yml = .github\workflows\chakra.core.configurations-build.yml
		.github\workflows\chakra.core.configurations-nuget.yml = .github\workflows\chakra.core.configurations-nuget.yml
		.github\workflows\chakra.core.entityframework-build.yml = .github\workflows\chakra.core.entityframework-build.yml
		.github\workflows\chakra.core.entityframework-nuget.yml = .github\workflows\chakra.core.entityframework-nuget.yml
		.github\workflows\chakra.core.entityframework-test.yml = .github\workflows\chakra.core.entityframework-test.yml
		.github\workflows\chakra.core.mocks-build.yml = .github\workflows\chakra.core.mocks-build.yml
		.github\workflows\chakra.core.mocks-nuget.yml = .github\workflows\chakra.core.mocks-nuget.yml
		.github\workflows\chakra.core.mocks-test.yml = .github\workflows\chakra.core.mocks-test.yml
		.github\workflows\chakra.core.mongodb-build.yml = .github\workflows\chakra.core.mongodb-build.yml
		.github\workflows\chakra.core.mongodb-nuget.yml = .github\workflows\chakra.core.mongodb-nuget.yml
		.github\workflows\chakra.core.webapi-build.yml = .github\workflows\chakra.core.webapi-build.yml
		.github\workflows\chakra.core.webapi-nuget.yml = .github\workflows\chakra.core.webapi-nuget.yml
		.github\workflows\chakra.core.windows-build.yml = .github\workflows\chakra.core.windows-build.yml
		.github\workflows\chakra.core.windows-nuget.yml = .github\workflows\chakra.core.windows-nuget.yml
	EndProjectSection
EndProject
Project("{9A19103F-16F7-4668-BE54-9A1E7A4F7556}") = "Chakra.Core.WebApi", "Chakra.Core.WebApi\Chakra.Core.WebApi.csproj", "{4AE1AED5-D876-4E05-9949-D139E9939107}"
EndProject
Project("{9A19103F-16F7-4668-BE54-9A1E7A4F7556}") = "Chakra.Core.Mocks.Async", "Chakra.Core.Mocks.Async\Chakra.Core.Mocks.Async.csproj", "{07D0EA18-1C8F-4575-A9E1-FF55340F0D1B}"
EndProject
Project("{FAE04EC0-301F-11D3-BF4B-00C04F79EFBC}") = "Chakra.Core.EntityFramework.Async", "Chakra.Core.EntityFramework.Async\Chakra.Core.EntityFramework.Async.csproj", "{F5E1B18B-24B7-4315-BF7D-EB924584BAB7}"
EndProject
Project("{FAE04EC0-301F-11D3-BF4B-00C04F79EFBC}") = "Chakra.Core.MongoDb.Async", "Chakra.Core.MongoDb.Async\Chakra.Core.MongoDb.Async.csproj", "{281C766D-81A6-4AC7-A106-23CEFAD6A616}"
EndProject
Global
	GlobalSection(SolutionConfigurationPlatforms) = preSolution
		Debug|Any CPU = Debug|Any CPU
		Release|Any CPU = Release|Any CPU
	EndGlobalSection
	GlobalSection(ProjectConfigurationPlatforms) = postSolution
		{D563816E-D9D8-485E-B8B2-400657109680}.Debug|Any CPU.ActiveCfg = Debug|Any CPU
		{D563816E-D9D8-485E-B8B2-400657109680}.Debug|Any CPU.Build.0 = Debug|Any CPU
		{D563816E-D9D8-485E-B8B2-400657109680}.Release|Any CPU.ActiveCfg = Release|Any CPU
		{D563816E-D9D8-485E-B8B2-400657109680}.Release|Any CPU.Build.0 = Release|Any CPU
		{6E7AC185-D29D-4161-BEA2-825942921D9E}.Debug|Any CPU.ActiveCfg = Debug|Any CPU
		{6E7AC185-D29D-4161-BEA2-825942921D9E}.Debug|Any CPU.Build.0 = Debug|Any CPU
		{6E7AC185-D29D-4161-BEA2-825942921D9E}.Release|Any CPU.ActiveCfg = Release|Any CPU
		{6E7AC185-D29D-4161-BEA2-825942921D9E}.Release|Any CPU.Build.0 = Release|Any CPU
		{0A2D2082-0685-400D-866E-0270C0DA3FF9}.Debug|Any CPU.ActiveCfg = Debug|Any CPU
		{0A2D2082-0685-400D-866E-0270C0DA3FF9}.Debug|Any CPU.Build.0 = Debug|Any CPU
		{0A2D2082-0685-400D-866E-0270C0DA3FF9}.Release|Any CPU.ActiveCfg = Release|Any CPU
		{0A2D2082-0685-400D-866E-0270C0DA3FF9}.Release|Any CPU.Build.0 = Release|Any CPU
		{CD8F1B41-1E9D-4E26-919E-6F932EEAD2E0}.Debug|Any CPU.ActiveCfg = Debug|Any CPU
		{CD8F1B41-1E9D-4E26-919E-6F932EEAD2E0}.Debug|Any CPU.Build.0 = Debug|Any CPU
		{CD8F1B41-1E9D-4E26-919E-6F932EEAD2E0}.Release|Any CPU.ActiveCfg = Release|Any CPU
		{CD8F1B41-1E9D-4E26-919E-6F932EEAD2E0}.Release|Any CPU.Build.0 = Release|Any CPU
		{62930DBF-23E7-40FC-A554-40D158960DD0}.Debug|Any CPU.ActiveCfg = Debug|Any CPU
		{62930DBF-23E7-40FC-A554-40D158960DD0}.Debug|Any CPU.Build.0 = Debug|Any CPU
		{62930DBF-23E7-40FC-A554-40D158960DD0}.Release|Any CPU.ActiveCfg = Release|Any CPU
		{62930DBF-23E7-40FC-A554-40D158960DD0}.Release|Any CPU.Build.0 = Release|Any CPU
		{FE52BE22-AC90-4022-907C-BA05F6183710}.Debug|Any CPU.ActiveCfg = Debug|Any CPU
		{FE52BE22-AC90-4022-907C-BA05F6183710}.Debug|Any CPU.Build.0 = Debug|Any CPU
		{FE52BE22-AC90-4022-907C-BA05F6183710}.Release|Any CPU.ActiveCfg = Release|Any CPU
		{FE52BE22-AC90-4022-907C-BA05F6183710}.Release|Any CPU.Build.0 = Release|Any CPU
		{B007310D-3422-4982-80BB-311F7C65EE08}.Debug|Any CPU.ActiveCfg = Debug|Any CPU
		{B007310D-3422-4982-80BB-311F7C65EE08}.Debug|Any CPU.Build.0 = Debug|Any CPU
		{B007310D-3422-4982-80BB-311F7C65EE08}.Release|Any CPU.ActiveCfg = Release|Any CPU
		{B007310D-3422-4982-80BB-311F7C65EE08}.Release|Any CPU.Build.0 = Release|Any CPU
		{11F9E79F-5B39-4E53-85CC-6A0B4895A82C}.Debug|Any CPU.ActiveCfg = Debug|Any CPU
		{11F9E79F-5B39-4E53-85CC-6A0B4895A82C}.Debug|Any CPU.Build.0 = Debug|Any CPU
		{11F9E79F-5B39-4E53-85CC-6A0B4895A82C}.Release|Any CPU.ActiveCfg = Release|Any CPU
		{11F9E79F-5B39-4E53-85CC-6A0B4895A82C}.Release|Any CPU.Build.0 = Release|Any CPU
		{AD6760C7-0088-49DC-BA04-7DD192C87AD4}.Debug|Any CPU.ActiveCfg = Debug|Any CPU
		{AD6760C7-0088-49DC-BA04-7DD192C87AD4}.Debug|Any CPU.Build.0 = Debug|Any CPU
		{AD6760C7-0088-49DC-BA04-7DD192C87AD4}.Release|Any CPU.ActiveCfg = Release|Any CPU
		{AD6760C7-0088-49DC-BA04-7DD192C87AD4}.Release|Any CPU.Build.0 = Release|Any CPU
		{5268F3BC-2A98-49E6-9F3C-C16F6EE27322}.Debug|Any CPU.ActiveCfg = Debug|Any CPU
		{5268F3BC-2A98-49E6-9F3C-C16F6EE27322}.Debug|Any CPU.Build.0 = Debug|Any CPU
		{5268F3BC-2A98-49E6-9F3C-C16F6EE27322}.Release|Any CPU.ActiveCfg = Release|Any CPU
		{5268F3BC-2A98-49E6-9F3C-C16F6EE27322}.Release|Any CPU.Build.0 = Release|Any CPU
		{9418C076-3A88-4BDD-9526-0A82C7707BB6}.Debug|Any CPU.ActiveCfg = Debug|Any CPU
		{9418C076-3A88-4BDD-9526-0A82C7707BB6}.Debug|Any CPU.Build.0 = Debug|Any CPU
		{9418C076-3A88-4BDD-9526-0A82C7707BB6}.Release|Any CPU.ActiveCfg = Release|Any CPU
		{9418C076-3A88-4BDD-9526-0A82C7707BB6}.Release|Any CPU.Build.0 = Release|Any CPU
		{E7F14FD8-E11B-4042-8093-93CB2B849D88}.Debug|Any CPU.ActiveCfg = Debug|Any CPU
		{E7F14FD8-E11B-4042-8093-93CB2B849D88}.Debug|Any CPU.Build.0 = Debug|Any CPU
		{E7F14FD8-E11B-4042-8093-93CB2B849D88}.Release|Any CPU.ActiveCfg = Release|Any CPU
		{E7F14FD8-E11B-4042-8093-93CB2B849D88}.Release|Any CPU.Build.0 = Release|Any CPU
		{4AE1AED5-D876-4E05-9949-D139E9939107}.Debug|Any CPU.ActiveCfg = Debug|Any CPU
		{4AE1AED5-D876-4E05-9949-D139E9939107}.Debug|Any CPU.Build.0 = Debug|Any CPU
		{4AE1AED5-D876-4E05-9949-D139E9939107}.Release|Any CPU.ActiveCfg = Release|Any CPU
		{4AE1AED5-D876-4E05-9949-D139E9939107}.Release|Any CPU.Build.0 = Release|Any CPU
		{07D0EA18-1C8F-4575-A9E1-FF55340F0D1B}.Debug|Any CPU.ActiveCfg = Debug|Any CPU
		{07D0EA18-1C8F-4575-A9E1-FF55340F0D1B}.Debug|Any CPU.Build.0 = Debug|Any CPU
		{07D0EA18-1C8F-4575-A9E1-FF55340F0D1B}.Release|Any CPU.ActiveCfg = Release|Any CPU
		{07D0EA18-1C8F-4575-A9E1-FF55340F0D1B}.Release|Any CPU.Build.0 = Release|Any CPU
		{F5E1B18B-24B7-4315-BF7D-EB924584BAB7}.Debug|Any CPU.ActiveCfg = Debug|Any CPU
		{F5E1B18B-24B7-4315-BF7D-EB924584BAB7}.Debug|Any CPU.Build.0 = Debug|Any CPU
		{F5E1B18B-24B7-4315-BF7D-EB924584BAB7}.Release|Any CPU.ActiveCfg = Release|Any CPU
		{F5E1B18B-24B7-4315-BF7D-EB924584BAB7}.Release|Any CPU.Build.0 = Release|Any CPU
		{281C766D-81A6-4AC7-A106-23CEFAD6A616}.Debug|Any CPU.ActiveCfg = Debug|Any CPU
		{281C766D-81A6-4AC7-A106-23CEFAD6A616}.Debug|Any CPU.Build.0 = Debug|Any CPU
		{281C766D-81A6-4AC7-A106-23CEFAD6A616}.Release|Any CPU.ActiveCfg = Release|Any CPU
		{281C766D-81A6-4AC7-A106-23CEFAD6A616}.Release|Any CPU.Build.0 = Release|Any CPU
	EndGlobalSection
	GlobalSection(SolutionProperties) = preSolution
		HideSolutionNode = FALSE
	EndGlobalSection
	GlobalSection(NestedProjects) = preSolution
		{D563816E-D9D8-485E-B8B2-400657109680} = {FCE52FD2-C794-4480-8ADE-EAA13FFEFDAC}
		{6E7AC185-D29D-4161-BEA2-825942921D9E} = {F4BDE198-0950-4ECE-8DF2-A18FF2CBF8A5}
		{0A2D2082-0685-400D-866E-0270C0DA3FF9} = {FCE52FD2-C794-4480-8ADE-EAA13FFEFDAC}
		{CD8F1B41-1E9D-4E26-919E-6F932EEAD2E0} = {F4BDE198-0950-4ECE-8DF2-A18FF2CBF8A5}
		{62930DBF-23E7-40FC-A554-40D158960DD0} = {FCE52FD2-C794-4480-8ADE-EAA13FFEFDAC}
		{FE52BE22-AC90-4022-907C-BA05F6183710} = {FCE52FD2-C794-4480-8ADE-EAA13FFEFDAC}
		{B007310D-3422-4982-80BB-311F7C65EE08} = {FCE52FD2-C794-4480-8ADE-EAA13FFEFDAC}
		{11F9E79F-5B39-4E53-85CC-6A0B4895A82C} = {FCE52FD2-C794-4480-8ADE-EAA13FFEFDAC}
		{AD6760C7-0088-49DC-BA04-7DD192C87AD4} = {FCE52FD2-C794-4480-8ADE-EAA13FFEFDAC}
		{5268F3BC-2A98-49E6-9F3C-C16F6EE27322} = {FCE52FD2-C794-4480-8ADE-EAA13FFEFDAC}
		{9418C076-3A88-4BDD-9526-0A82C7707BB6} = {FCE52FD2-C794-4480-8ADE-EAA13FFEFDAC}
		{E7F14FD8-E11B-4042-8093-93CB2B849D88} = {FCE52FD2-C794-4480-8ADE-EAA13FFEFDAC}
		{07C8F1F4-C3C6-4FE7-96D2-55B36178ABCE} = {0DF4848D-C5B7-45BA-BDD1-15DE5DA5AB8A}
		{4AE1AED5-D876-4E05-9949-D139E9939107} = {FCE52FD2-C794-4480-8ADE-EAA13FFEFDAC}
		{07D0EA18-1C8F-4575-A9E1-FF55340F0D1B} = {FCE52FD2-C794-4480-8ADE-EAA13FFEFDAC}
		{F5E1B18B-24B7-4315-BF7D-EB924584BAB7} = {FCE52FD2-C794-4480-8ADE-EAA13FFEFDAC}
		{281C766D-81A6-4AC7-A106-23CEFAD6A616} = {FCE52FD2-C794-4480-8ADE-EAA13FFEFDAC}
	EndGlobalSection
	GlobalSection(ExtensibilityGlobals) = postSolution
		SolutionGuid = {A54C3E0E-2F55-4712-B617-01BCFB78E2C9}
	EndGlobalSection
EndGlobal
